
Microsoft Visual Studio Solution File, Format Version 12.00
# Visual Studio Version 17
VisualStudioVersion = 17.14.36121.58
MinimumVisualStudioVersion = 10.0.40219.1
Project("{8BC9CEB8-8B4A-11D0-8D11-00A0C91BC942}") = "Basic", "Basic\Basic.vcxproj", "{F89A32EE-4201-42BE-A33F-157C16085B9A}"
EndProject
Project("{8BC9CEB8-8B4A-11D0-8D11-00A0C91BC942}") = "UIFramework", "UIFramework\UIFramework.vcxproj", "{2B6BDF7E-BD8B-402F-9E20-96A1DD2543D9}"
EndProject
Global
	GlobalSection(SolutionConfigurationPlatforms) = preSolution
		Debug|x64 = Debug|x64
		Debug|x86 = Debug|x86
		Release|x64 = Release|x64
		Release|x86 = Release|x86
	EndGlobalSection
	GlobalSection(ProjectConfigurationPlatforms) = postSolution
		{F89A32EE-4201-42BE-A33F-157C16085B9A}.Debug|x64.ActiveCfg = Debug|x64
		{F89A32EE-4201-42BE-A33F-157C16085B9A}.Debug|x64.Build.0 = Debug|x64
		{F89A32EE-4201-42BE-A33F-157C16085B9A}.Debug|x86.ActiveCfg = Debug|Win32
		{F89A32EE-4201-42BE-A33F-157C16085B9A}.Debug|x86.Build.0 = Debug|Win32
		{F89A32EE-4201-42BE-A33F-157C16085B9A}.Release|x64.ActiveCfg = Release|x64
		{F89A32EE-4201-42BE-A33F-157C16085B9A}.Release|x64.Build.0 = Release|x64
		{F89A32EE-4201-42BE-A33F-157C16085B9A}.Release|x86.ActiveCfg = Release|Win32
		{F89A32EE-4201-42BE-A33F-157C16085B9A}.Release|x86.Build.0 = Release|Win32
		{2B6BDF7E-BD8B-402F-9E20-96A1DD2543D9}.Debug|x64.ActiveCfg = Debug|x64
		{2B6BDF7E-BD8B-402F-9E20-96A1DD2543D9}.Debug|x64.Build.0 = Debug|x64
		{2B6BDF7E-BD8B-402F-9E20-96A1DD2543D9}.Debug|x86.ActiveCfg = Debug|Win32
		{2B6BDF7E-BD8B-402F-9E20-96A1DD2543D9}.Debug|x86.Build.0 = Debug|Win32
		{2B6BDF7E-BD8B-402F-9E20-96A1DD2543D9}.Release|x64.ActiveCfg = Release|x64
		{2B6BDF7E-BD8B-402F-9E20-96A1DD2543D9}.Release|x64.Build.0 = Release|x64
		{2B6BDF7E-BD8B-402F-9E20-96A1DD2543D9}.Release|x86.ActiveCfg = Release|Win32
		{2B6BDF7E-BD8B-402F-9E20-96A1DD2543D9}.Release|x86.Build.0 = Release|Win32
	EndGlobalSection
	GlobalSection(SolutionProperties) = preSolution
		HideSolutionNode = FALSE
	EndGlobalSection
	GlobalSection(ExtensibilityGlobals) = postSolution
		SolutionGuid = {0F4211D5-B320-456A-87E9-38A3CADDFA46}
	EndGlobalSection
EndGlobal
